
Microsoft Visual Studio Solution File, Format Version 12.00
# Visual Studio 15
VisualStudioVersion = 15.0.28307.572
MinimumVisualStudioVersion = 10.0.40219.1
Project("{FAE04EC0-301F-11D3-BF4B-00C04F79EFBC}") = "AppMVVM.Android", "AppMVVM\AppMVVM.Android\AppMVVM.Android.csproj", "{D9D95F78-CE18-4A9B-AC20-E4EE88DC3088}"
EndProject
Project("{FAE04EC0-301F-11D3-BF4B-00C04F79EFBC}") = "AppMVVM.iOS", "AppMVVM\AppMVVM.iOS\AppMVVM.iOS.csproj", "{3155DF88-7EB9-42A8-B49D-5ED93893AABA}"
EndProject
Project("{FAE04EC0-301F-11D3-BF4B-00C04F79EFBC}") = "AppMVVM.UWP", "AppMVVM\AppMVVM.UWP\AppMVVM.UWP.csproj", "{E2E6BE7D-2B5F-4496-A76E-89AD3FBD1AC7}"
EndProject
Project("{9A19103F-16F7-4668-BE54-9A1E7A4F7556}") = "AppMVVM", "AppMVVM\AppMVVM\AppMVVM.csproj", "{98EF2537-6BCE-49E6-87D8-F4E5BA5B5782}"
EndProject
Global
	GlobalSection(SolutionConfigurationPlatforms) = preSolution
		Ad-Hoc|Any CPU = Ad-Hoc|Any CPU
		Ad-Hoc|ARM = Ad-Hoc|ARM
		Ad-Hoc|iPhone = Ad-Hoc|iPhone
		Ad-Hoc|iPhoneSimulator = Ad-Hoc|iPhoneSimulator
		Ad-Hoc|x64 = Ad-Hoc|x64
		Ad-Hoc|x86 = Ad-Hoc|x86
		AppStore|Any CPU = AppStore|Any CPU
		AppStore|ARM = AppStore|ARM
		AppStore|iPhone = AppStore|iPhone
		AppStore|iPhoneSimulator = AppStore|iPhoneSimulator
		AppStore|x64 = AppStore|x64
		AppStore|x86 = AppStore|x86
		Debug|Any CPU = Debug|Any CPU
		Debug|ARM = Debug|ARM
		Debug|iPhone = Debug|iPhone
		Debug|iPhoneSimulator = Debug|iPhoneSimulator
		Debug|x64 = Debug|x64
		Debug|x86 = Debug|x86
		Release|Any CPU = Release|Any CPU
		Release|ARM = Release|ARM
		Release|iPhone = Release|iPhone
		Release|iPhoneSimulator = Release|iPhoneSimulator
		Release|x64 = Release|x64
		Release|x86 = Release|x86
	EndGlobalSection
	GlobalSection(ProjectConfigurationPlatforms) = postSolution
		{D9D95F78-CE18-4A9B-AC20-E4EE88DC3088}.Ad-Hoc|Any CPU.ActiveCfg = Release|Any CPU
		{D9D95F78-CE18-4A9B-AC20-E4EE88DC3088}.Ad-Hoc|Any CPU.Build.0 = Release|Any CPU
		{D9D95F78-CE18-4A9B-AC20-E4EE88DC3088}.Ad-Hoc|Any CPU.Deploy.0 = Release|Any CPU
		{D9D95F78-CE18-4A9B-AC20-E4EE88DC3088}.Ad-Hoc|ARM.ActiveCfg = Release|Any CPU
		{D9D95F78-CE18-4A9B-AC20-E4EE88DC3088}.Ad-Hoc|ARM.Build.0 = Release|Any CPU
		{D9D95F78-CE18-4A9B-AC20-E4EE88DC3088}.Ad-Hoc|ARM.Deploy.0 = Release|Any CPU
		{D9D95F78-CE18-4A9B-AC20-E4EE88DC3088}.Ad-Hoc|iPhone.ActiveCfg = Release|Any CPU
		{D9D95F78-CE18-4A9B-AC20-E4EE88DC3088}.Ad-Hoc|iPhone.Build.0 = Release|Any CPU
		{D9D95F78-CE18-4A9B-AC20-E4EE88DC3088}.Ad-Hoc|iPhone.Deploy.0 = Release|Any CPU
		{D9D95F78-CE18-4A9B-AC20-E4EE88DC3088}.Ad-Hoc|iPhoneSimulator.ActiveCfg = Release|Any CPU
		{D9D95F78-CE18-4A9B-AC20-E4EE88DC3088}.Ad-Hoc|iPhoneSimulator.Build.0 = Release|Any CPU
		{D9D95F78-CE18-4A9B-AC20-E4EE88DC3088}.Ad-Hoc|iPhoneSimulator.Deploy.0 = Release|Any CPU
		{D9D95F78-CE18-4A9B-AC20-E4EE88DC3088}.Ad-Hoc|x64.ActiveCfg = Release|Any CPU
		{D9D95F78-CE18-4A9B-AC20-E4EE88DC3088}.Ad-Hoc|x64.Build.0 = Release|Any CPU
		{D9D95F78-CE18-4A9B-AC20-E4EE88DC3088}.Ad-Hoc|x64.Deploy.0 = Release|Any CPU
		{D9D95F78-CE18-4A9B-AC20-E4EE88DC3088}.Ad-Hoc|x86.ActiveCfg = Release|Any CPU
		{D9D95F78-CE18-4A9B-AC20-E4EE88DC3088}.Ad-Hoc|x86.Build.0 = Release|Any CPU
		{D9D95F78-CE18-4A9B-AC20-E4EE88DC3088}.Ad-Hoc|x86.Deploy.0 = Release|Any CPU
		{D9D95F78-CE18-4A9B-AC20-E4EE88DC3088}.AppStore|Any CPU.ActiveCfg = Release|Any CPU
		{D9D95F78-CE18-4A9B-AC20-E4EE88DC3088}.AppStore|Any CPU.Build.0 = Release|Any CPU
		{D9D95F78-CE18-4A9B-AC20-E4EE88DC3088}.AppStore|Any CPU.Deploy.0 = Release|Any CPU
		{D9D95F78-CE18-4A9B-AC20-E4EE88DC3088}.AppStore|ARM.ActiveCfg = Release|Any CPU
		{D9D95F78-CE18-4A9B-AC20-E4EE88DC3088}.AppStore|ARM.Build.0 = Release|Any CPU
		{D9D95F78-CE18-4A9B-AC20-E4EE88DC3088}.AppStore|ARM.Deploy.0 = Release|Any CPU
		{D9D95F78-CE18-4A9B-AC20-E4EE88DC3088}.AppStore|iPhone.ActiveCfg = Release|Any CPU
		{D9D95F78-CE18-4A9B-AC20-E4EE88DC3088}.AppStore|iPhone.Build.0 = Release|Any CPU
		{D9D95F78-CE18-4A9B-AC20-E4EE88DC3088}.AppStore|iPhone.Deploy.0 = Release|Any CPU
		{D9D95F78-CE18-4A9B-AC20-E4EE88DC3088}.AppStore|iPhoneSimulator.ActiveCfg = Release|Any CPU
		{D9D95F78-CE18-4A9B-AC20-E4EE88DC3088}.AppStore|iPhoneSimulator.Build.0 = Release|Any CPU
		{D9D95F78-CE18-4A9B-AC20-E4EE88DC3088}.AppStore|iPhoneSimulator.Deploy.0 = Release|Any CPU
		{D9D95F78-CE18-4A9B-AC20-E4EE88DC3088}.AppStore|x64.ActiveCfg = Release|Any CPU
		{D9D95F78-CE18-4A9B-AC20-E4EE88DC3088}.AppStore|x64.Build.0 = Release|Any CPU
		{D9D95F78-CE18-4A9B-AC20-E4EE88DC3088}.AppStore|x64.Deploy.0 = Release|Any CPU
		{D9D95F78-CE18-4A9B-AC20-E4EE88DC3088}.AppStore|x86.ActiveCfg = Release|Any CPU
		{D9D95F78-CE18-4A9B-AC20-E4EE88DC3088}.AppStore|x86.Build.0 = Release|Any CPU
		{D9D95F78-CE18-4A9B-AC20-E4EE88DC3088}.AppStore|x86.Deploy.0 = Release|Any CPU
		{D9D95F78-CE18-4A9B-AC20-E4EE88DC3088}.Debug|Any CPU.ActiveCfg = Debug|Any CPU
		{D9D95F78-CE18-4A9B-AC20-E4EE88DC3088}.Debug|Any CPU.Build.0 = Debug|Any CPU
		{D9D95F78-CE18-4A9B-AC20-E4EE88DC3088}.Debug|Any CPU.Deploy.0 = Debug|Any CPU
		{D9D95F78-CE18-4A9B-AC20-E4EE88DC3088}.Debug|ARM.ActiveCfg = Debug|Any CPU
		{D9D95F78-CE18-4A9B-AC20-E4EE88DC3088}.Debug|ARM.Build.0 = Debug|Any CPU
		{D9D95F78-CE18-4A9B-AC20-E4EE88DC3088}.Debug|ARM.Deploy.0 = Debug|Any CPU
		{D9D95F78-CE18-4A9B-AC20-E4EE88DC3088}.Debug|iPhone.ActiveCfg = Debug|Any CPU
		{D9D95F78-CE18-4A9B-AC20-E4EE88DC3088}.Debug|iPhone.Build.0 = Debug|Any CPU
		{D9D95F78-CE18-4A9B-AC20-E4EE88DC3088}.Debug|iPhone.Deploy.0 = Debug|Any CPU
		{D9D95F78-CE18-4A9B-AC20-E4EE88DC3088}.Debug|iPhoneSimulator.ActiveCfg = Debug|Any CPU
		{D9D95F78-CE18-4A9B-AC20-E4EE88DC3088}.Debug|iPhoneSimulator.Build.0 = Debug|Any CPU
		{D9D95F78-CE18-4A9B-AC20-E4EE88DC3088}.Debug|iPhoneSimulator.Deploy.0 = Debug|Any CPU
		{D9D95F78-CE18-4A9B-AC20-E4EE88DC3088}.Debug|x64.ActiveCfg = Debug|Any CPU
		{D9D95F78-CE18-4A9B-AC20-E4EE88DC3088}.Debug|x64.Build.0 = Debug|Any CPU
		{D9D95F78-CE18-4A9B-AC20-E4EE88DC3088}.Debug|x64.Deploy.0 = Debug|Any CPU
		{D9D95F78-CE18-4A9B-AC20-E4EE88DC3088}.Debug|x86.ActiveCfg = Debug|Any CPU
		{D9D95F78-CE18-4A9B-AC20-E4EE88DC3088}.Debug|x86.Build.0 = Debug|Any CPU
		{D9D95F78-CE18-4A9B-AC20-E4EE88DC3088}.Debug|x86.Deploy.0 = Debug|Any CPU
		{D9D95F78-CE18-4A9B-AC20-E4EE88DC3088}.Release|Any CPU.ActiveCfg = Release|Any CPU
		{D9D95F78-CE18-4A9B-AC20-E4EE88DC3088}.Release|Any CPU.Build.0 = Release|Any CPU
		{D9D95F78-CE18-4A9B-AC20-E4EE88DC3088}.Release|Any CPU.Deploy.0 = Release|Any CPU
		{D9D95F78-CE18-4A9B-AC20-E4EE88DC3088}.Release|ARM.ActiveCfg = Release|Any CPU
		{D9D95F78-CE18-4A9B-AC20-E4EE88DC3088}.Release|ARM.Build.0 = Release|Any CPU
		{D9D95F78-CE18-4A9B-AC20-E4EE88DC3088}.Release|ARM.Deploy.0 = Release|Any CPU
		{D9D95F78-CE18-4A9B-AC20-E4EE88DC3088}.Release|iPhone.ActiveCfg = Release|Any CPU
		{D9D95F78-CE18-4A9B-AC20-E4EE88DC3088}.Release|iPhone.Build.0 = Release|Any CPU
		{D9D95F78-CE18-4A9B-AC20-E4EE88DC3088}.Release|iPhone.Deploy.0 = Release|Any CPU
		{D9D95F78-CE18-4A9B-AC20-E4EE88DC3088}.Release|iPhoneSimulator.ActiveCfg = Release|Any CPU
		{D9D95F78-CE18-4A9B-AC20-E4EE88DC3088}.Release|iPhoneSimulator.Build.0 = Release|Any CPU
		{D9D95F78-CE18-4A9B-AC20-E4EE88DC3088}.Release|iPhoneSimulator.Deploy.0 = Release|Any CPU
		{D9D95F78-CE18-4A9B-AC20-E4EE88DC3088}.Release|x64.ActiveCfg = Release|Any CPU
		{D9D95F78-CE18-4A9B-AC20-E4EE88DC3088}.Release|x64.Build.0 = Release|Any CPU
		{D9D95F78-CE18-4A9B-AC20-E4EE88DC3088}.Release|x64.Deploy.0 = Release|Any CPU
		{D9D95F78-CE18-4A9B-AC20-E4EE88DC3088}.Release|x86.ActiveCfg = Release|Any CPU
		{D9D95F78-CE18-4A9B-AC20-E4EE88DC3088}.Release|x86.Build.0 = Release|Any CPU
		{D9D95F78-CE18-4A9B-AC20-E4EE88DC3088}.Release|x86.Deploy.0 = Release|Any CPU
		{3155DF88-7EB9-42A8-B49D-5ED93893AABA}.Ad-Hoc|Any CPU.ActiveCfg = Ad-Hoc|iPhone
		{3155DF88-7EB9-42A8-B49D-5ED93893AABA}.Ad-Hoc|Any CPU.Build.0 = Ad-Hoc|iPhone
		{3155DF88-7EB9-42A8-B49D-5ED93893AABA}.Ad-Hoc|Any CPU.Deploy.0 = Ad-Hoc|iPhone
		{3155DF88-7EB9-42A8-B49D-5ED93893AABA}.Ad-Hoc|ARM.ActiveCfg = Ad-Hoc|iPhone
		{3155DF88-7EB9-42A8-B49D-5ED93893AABA}.Ad-Hoc|ARM.Build.0 = Ad-Hoc|iPhone
		{3155DF88-7EB9-42A8-B49D-5ED93893AABA}.Ad-Hoc|ARM.Deploy.0 = Ad-Hoc|iPhone
		{3155DF88-7EB9-42A8-B49D-5ED93893AABA}.Ad-Hoc|iPhone.ActiveCfg = Ad-Hoc|iPhone
		{3155DF88-7EB9-42A8-B49D-5ED93893AABA}.Ad-Hoc|iPhone.Build.0 = Ad-Hoc|iPhone
		{3155DF88-7EB9-42A8-B49D-5ED93893AABA}.Ad-Hoc|iPhone.Deploy.0 = Ad-Hoc|iPhone
		{3155DF88-7EB9-42A8-B49D-5ED93893AABA}.Ad-Hoc|iPhoneSimulator.ActiveCfg = Ad-Hoc|iPhoneSimulator
		{3155DF88-7EB9-42A8-B49D-5ED93893AABA}.Ad-Hoc|iPhoneSimulator.Build.0 = Ad-Hoc|iPhoneSimulator
		{3155DF88-7EB9-42A8-B49D-5ED93893AABA}.Ad-Hoc|iPhoneSimulator.Deploy.0 = Ad-Hoc|iPhoneSimulator
		{3155DF88-7EB9-42A8-B49D-5ED93893AABA}.Ad-Hoc|x64.ActiveCfg = Ad-Hoc|iPhone
		{3155DF88-7EB9-42A8-B49D-5ED93893AABA}.Ad-Hoc|x64.Build.0 = Ad-Hoc|iPhone
		{3155DF88-7EB9-42A8-B49D-5ED93893AABA}.Ad-Hoc|x64.Deploy.0 = Ad-Hoc|iPhone
		{3155DF88-7EB9-42A8-B49D-5ED93893AABA}.Ad-Hoc|x86.ActiveCfg = Ad-Hoc|iPhone
		{3155DF88-7EB9-42A8-B49D-5ED93893AABA}.Ad-Hoc|x86.Build.0 = Ad-Hoc|iPhone
		{3155DF88-7EB9-42A8-B49D-5ED93893AABA}.Ad-Hoc|x86.Deploy.0 = Ad-Hoc|iPhone
		{3155DF88-7EB9-42A8-B49D-5ED93893AABA}.AppStore|Any CPU.ActiveCfg = AppStore|iPhone
		{3155DF88-7EB9-42A8-B49D-5ED93893AABA}.AppStore|Any CPU.Build.0 = AppStore|iPhone
		{3155DF88-7EB9-42A8-B49D-5ED93893AABA}.AppStore|Any CPU.Deploy.0 = AppStore|iPhone
		{3155DF88-7EB9-42A8-B49D-5ED93893AABA}.AppStore|ARM.ActiveCfg = AppStore|iPhone
		{3155DF88-7EB9-42A8-B49D-5ED93893AABA}.AppStore|ARM.Build.0 = AppStore|iPhone
		{3155DF88-7EB9-42A8-B49D-5ED93893AABA}.AppStore|ARM.Deploy.0 = AppStore|iPhone
		{3155DF88-7EB9-42A8-B49D-5ED93893AABA}.AppStore|iPhone.ActiveCfg = AppStore|iPhone
		{3155DF88-7EB9-42A8-B49D-5ED93893AABA}.AppStore|iPhone.Build.0 = AppStore|iPhone
		{3155DF88-7EB9-42A8-B49D-5ED93893AABA}.AppStore|iPhone.Deploy.0 = AppStore|iPhone
		{3155DF88-7EB9-42A8-B49D-5ED93893AABA}.AppStore|iPhoneSimulator.ActiveCfg = AppStore|iPhoneSimulator
		{3155DF88-7EB9-42A8-B49D-5ED93893AABA}.AppStore|iPhoneSimulator.Build.0 = AppStore|iPhoneSimulator
		{3155DF88-7EB9-42A8-B49D-5ED93893AABA}.AppStore|iPhoneSimulator.Deploy.0 = AppStore|iPhoneSimulator
		{3155DF88-7EB9-42A8-B49D-5ED93893AABA}.AppStore|x64.ActiveCfg = AppStore|iPhone
		{3155DF88-7EB9-42A8-B49D-5ED93893AABA}.AppStore|x64.Build.0 = AppStore|iPhone
		{3155DF88-7EB9-42A8-B49D-5ED93893AABA}.AppStore|x64.Deploy.0 = AppStore|iPhone
		{3155DF88-7EB9-42A8-B49D-5ED93893AABA}.AppStore|x86.ActiveCfg = AppStore|iPhone
		{3155DF88-7EB9-42A8-B49D-5ED93893AABA}.AppStore|x86.Build.0 = AppStore|iPhone
		{3155DF88-7EB9-42A8-B49D-5ED93893AABA}.AppStore|x86.Deploy.0 = AppStore|iPhone
		{3155DF88-7EB9-42A8-B49D-5ED93893AABA}.Debug|Any CPU.ActiveCfg = Debug|iPhoneSimulator
		{3155DF88-7EB9-42A8-B49D-5ED93893AABA}.Debug|Any CPU.Build.0 = Debug|iPhoneSimulator
		{3155DF88-7EB9-42A8-B49D-5ED93893AABA}.Debug|Any CPU.Deploy.0 = Debug|iPhoneSimulator
		{3155DF88-7EB9-42A8-B49D-5ED93893AABA}.Debug|ARM.ActiveCfg = Debug|iPhone
		{3155DF88-7EB9-42A8-B49D-5ED93893AABA}.Debug|ARM.Build.0 = Debug|iPhone
		{3155DF88-7EB9-42A8-B49D-5ED93893AABA}.Debug|ARM.Deploy.0 = Debug|iPhone
		{3155DF88-7EB9-42A8-B49D-5ED93893AABA}.Debug|iPhone.ActiveCfg = Debug|iPhone
		{3155DF88-7EB9-42A8-B49D-5ED93893AABA}.Debug|iPhone.Build.0 = Debug|iPhone
		{3155DF88-7EB9-42A8-B49D-5ED93893AABA}.Debug|iPhone.Deploy.0 = Debug|iPhone
		{3155DF88-7EB9-42A8-B49D-5ED93893AABA}.Debug|iPhoneSimulator.ActiveCfg = Debug|iPhoneSimulator
		{3155DF88-7EB9-42A8-B49D-5ED93893AABA}.Debug|iPhoneSimulator.Build.0 = Debug|iPhoneSimulator
		{3155DF88-7EB9-42A8-B49D-5ED93893AABA}.Debug|iPhoneSimulator.Deploy.0 = Debug|iPhoneSimulator
		{3155DF88-7EB9-42A8-B49D-5ED93893AABA}.Debug|x64.ActiveCfg = Debug|iPhone
		{3155DF88-7EB9-42A8-B49D-5ED93893AABA}.Debug|x64.Build.0 = Debug|iPhone
		{3155DF88-7EB9-42A8-B49D-5ED93893AABA}.Debug|x64.Deploy.0 = Debug|iPhone
		{3155DF88-7EB9-42A8-B49D-5ED93893AABA}.Debug|x86.ActiveCfg = Debug|iPhone
		{3155DF88-7EB9-42A8-B49D-5ED93893AABA}.Debug|x86.Build.0 = Debug|iPhone
		{3155DF88-7EB9-42A8-B49D-5ED93893AABA}.Debug|x86.Deploy.0 = Debug|iPhone
		{3155DF88-7EB9-42A8-B49D-5ED93893AABA}.Release|Any CPU.ActiveCfg = Release|iPhone
		{3155DF88-7EB9-42A8-B49D-5ED93893AABA}.Release|Any CPU.Build.0 = Release|iPhone
		{3155DF88-7EB9-42A8-B49D-5ED93893AABA}.Release|Any CPU.Deploy.0 = Release|iPhone
		{3155DF88-7EB9-42A8-B49D-5ED93893AABA}.Release|ARM.ActiveCfg = Release|iPhone
		{3155DF88-7EB9-42A8-B49D-5ED93893AABA}.Release|ARM.Build.0 = Release|iPhone
		{3155DF88-7EB9-42A8-B49D-5ED93893AABA}.Release|ARM.Deploy.0 = Release|iPhone
		{3155DF88-7EB9-42A8-B49D-5ED93893AABA}.Release|iPhone.ActiveCfg = Release|iPhone
		{3155DF88-7EB9-42A8-B49D-5ED93893AABA}.Release|iPhone.Build.0 = Release|iPhone
		{3155DF88-7EB9-42A8-B49D-5ED93893AABA}.Release|iPhone.Deploy.0 = Release|iPhone
		{3155DF88-7EB9-42A8-B49D-5ED93893AABA}.Release|iPhoneSimulator.ActiveCfg = Release|iPhoneSimulator
		{3155DF88-7EB9-42A8-B49D-5ED93893AABA}.Release|iPhoneSimulator.Build.0 = Release|iPhoneSimulator
		{3155DF88-7EB9-42A8-B49D-5ED93893AABA}.Release|iPhoneSimulator.Deploy.0 = Release|iPhoneSimulator
		{3155DF88-7EB9-42A8-B49D-5ED93893AABA}.Release|x64.ActiveCfg = Release|iPhone
		{3155DF88-7EB9-42A8-B49D-5ED93893AABA}.Release|x64.Build.0 = Release|iPhone
		{3155DF88-7EB9-42A8-B49D-5ED93893AABA}.Release|x64.Deploy.0 = Release|iPhone
		{3155DF88-7EB9-42A8-B49D-5ED93893AABA}.Release|x86.ActiveCfg = Release|iPhone
		{3155DF88-7EB9-42A8-B49D-5ED93893AABA}.Release|x86.Build.0 = Release|iPhone
		{3155DF88-7EB9-42A8-B49D-5ED93893AABA}.Release|x86.Deploy.0 = Release|iPhone
		{E2E6BE7D-2B5F-4496-A76E-89AD3FBD1AC7}.Ad-Hoc|Any CPU.ActiveCfg = Release|x86
		{E2E6BE7D-2B5F-4496-A76E-89AD3FBD1AC7}.Ad-Hoc|Any CPU.Build.0 = Release|x86
		{E2E6BE7D-2B5F-4496-A76E-89AD3FBD1AC7}.Ad-Hoc|Any CPU.Deploy.0 = Release|x86
		{E2E6BE7D-2B5F-4496-A76E-89AD3FBD1AC7}.Ad-Hoc|ARM.ActiveCfg = Release|ARM
		{E2E6BE7D-2B5F-4496-A76E-89AD3FBD1AC7}.Ad-Hoc|ARM.Build.0 = Release|ARM
		{E2E6BE7D-2B5F-4496-A76E-89AD3FBD1AC7}.Ad-Hoc|ARM.Deploy.0 = Release|ARM
		{E2E6BE7D-2B5F-4496-A76E-89AD3FBD1AC7}.Ad-Hoc|iPhone.ActiveCfg = Release|x86
		{E2E6BE7D-2B5F-4496-A76E-89AD3FBD1AC7}.Ad-Hoc|iPhone.Build.0 = Release|x86
		{E2E6BE7D-2B5F-4496-A76E-89AD3FBD1AC7}.Ad-Hoc|iPhone.Deploy.0 = Release|x86
		{E2E6BE7D-2B5F-4496-A76E-89AD3FBD1AC7}.Ad-Hoc|iPhoneSimulator.ActiveCfg = Release|x86
		{E2E6BE7D-2B5F-4496-A76E-89AD3FBD1AC7}.Ad-Hoc|iPhoneSimulator.Build.0 = Release|x86
		{E2E6BE7D-2B5F-4496-A76E-89AD3FBD1AC7}.Ad-Hoc|iPhoneSimulator.Deploy.0 = Release|x86
		{E2E6BE7D-2B5F-4496-A76E-89AD3FBD1AC7}.Ad-Hoc|x64.ActiveCfg = Release|x64
		{E2E6BE7D-2B5F-4496-A76E-89AD3FBD1AC7}.Ad-Hoc|x64.Build.0 = Release|x64
		{E2E6BE7D-2B5F-4496-A76E-89AD3FBD1AC7}.Ad-Hoc|x64.Deploy.0 = Release|x64
		{E2E6BE7D-2B5F-4496-A76E-89AD3FBD1AC7}.Ad-Hoc|x86.ActiveCfg = Release|x86
		{E2E6BE7D-2B5F-4496-A76E-89AD3FBD1AC7}.Ad-Hoc|x86.Build.0 = Release|x86
		{E2E6BE7D-2B5F-4496-A76E-89AD3FBD1AC7}.Ad-Hoc|x86.Deploy.0 = Release|x86
		{E2E6BE7D-2B5F-4496-A76E-89AD3FBD1AC7}.AppStore|Any CPU.ActiveCfg = Release|x86
		{E2E6BE7D-2B5F-4496-A76E-89AD3FBD1AC7}.AppStore|Any CPU.Build.0 = Release|x86
		{E2E6BE7D-2B5F-4496-A76E-89AD3FBD1AC7}.AppStore|Any CPU.Deploy.0 = Release|x86
		{E2E6BE7D-2B5F-4496-A76E-89AD3FBD1AC7}.AppStore|ARM.ActiveCfg = Release|ARM
		{E2E6BE7D-2B5F-4496-A76E-89AD3FBD1AC7}.AppStore|ARM.Build.0 = Release|ARM
		{E2E6BE7D-2B5F-4496-A76E-89AD3FBD1AC7}.AppStore|ARM.Deploy.0 = Release|ARM
		{E2E6BE7D-2B5F-4496-A76E-89AD3FBD1AC7}.AppStore|iPhone.ActiveCfg = Release|x86
		{E2E6BE7D-2B5F-4496-A76E-89AD3FBD1AC7}.AppStore|iPhone.Build.0 = Release|x86
		{E2E6BE7D-2B5F-4496-A76E-89AD3FBD1AC7}.AppStore|iPhone.Deploy.0 = Release|x86
		{E2E6BE7D-2B5F-4496-A76E-89AD3FBD1AC7}.AppStore|iPhoneSimulator.ActiveCfg = Release|x86
		{E2E6BE7D-2B5F-4496-A76E-89AD3FBD1AC7}.AppStore|iPhoneSimulator.Build.0 = Release|x86
		{E2E6BE7D-2B5F-4496-A76E-89AD3FBD1AC7}.AppStore|iPhoneSimulator.Deploy.0 = Release|x86
		{E2E6BE7D-2B5F-4496-A76E-89AD3FBD1AC7}.AppStore|x64.ActiveCfg = Release|x64
		{E2E6BE7D-2B5F-4496-A76E-89AD3FBD1AC7}.AppStore|x64.Build.0 = Release|x64
		{E2E6BE7D-2B5F-4496-A76E-89AD3FBD1AC7}.AppStore|x64.Deploy.0 = Release|x64
		{E2E6BE7D-2B5F-4496-A76E-89AD3FBD1AC7}.AppStore|x86.ActiveCfg = Release|x86
		{E2E6BE7D-2B5F-4496-A76E-89AD3FBD1AC7}.AppStore|x86.Build.0 = Release|x86
		{E2E6BE7D-2B5F-4496-A76E-89AD3FBD1AC7}.AppStore|x86.Deploy.0 = Release|x86
		{E2E6BE7D-2B5F-4496-A76E-89AD3FBD1AC7}.Debug|Any CPU.ActiveCfg = Debug|x86
		{E2E6BE7D-2B5F-4496-A76E-89AD3FBD1AC7}.Debug|Any CPU.Build.0 = Debug|x86
		{E2E6BE7D-2B5F-4496-A76E-89AD3FBD1AC7}.Debug|Any CPU.Deploy.0 = Debug|x86
		{E2E6BE7D-2B5F-4496-A76E-89AD3FBD1AC7}.Debug|ARM.ActiveCfg = Debug|ARM
		{E2E6BE7D-2B5F-4496-A76E-89AD3FBD1AC7}.Debug|ARM.Build.0 = Debug|ARM
		{E2E6BE7D-2B5F-4496-A76E-89AD3FBD1AC7}.Debug|ARM.Deploy.0 = Debug|ARM
		{E2E6BE7D-2B5F-4496-A76E-89AD3FBD1AC7}.Debug|iPhone.ActiveCfg = Debug|x86
		{E2E6BE7D-2B5F-4496-A76E-89AD3FBD1AC7}.Debug|iPhone.Build.0 = Debug|x86
		{E2E6BE7D-2B5F-4496-A76E-89AD3FBD1AC7}.Debug|iPhone.Deploy.0 = Debug|x86
		{E2E6BE7D-2B5F-4496-A76E-89AD3FBD1AC7}.Debug|iPhoneSimulator.ActiveCfg = Debug|x86
		{E2E6BE7D-2B5F-4496-A76E-89AD3FBD1AC7}.Debug|iPhoneSimulator.Build.0 = Debug|x86
		{E2E6BE7D-2B5F-4496-A76E-89AD3FBD1AC7}.Debug|iPhoneSimulator.Deploy.0 = Debug|x86
		{E2E6BE7D-2B5F-4496-A76E-89AD3FBD1AC7}.Debug|x64.ActiveCfg = Debug|x64
		{E2E6BE7D-2B5F-4496-A76E-89AD3FBD1AC7}.Debug|x64.Build.0 = Debug|x64
		{E2E6BE7D-2B5F-4496-A76E-89AD3FBD1AC7}.Debug|x64.Deploy.0 = Debug|x64
		{E2E6BE7D-2B5F-4496-A76E-89AD3FBD1AC7}.Debug|x86.ActiveCfg = Debug|x86
		{E2E6BE7D-2B5F-4496-A76E-89AD3FBD1AC7}.Debug|x86.Build.0 = Debug|x86
		{E2E6BE7D-2B5F-4496-A76E-89AD3FBD1AC7}.Debug|x86.Deploy.0 = Debug|x86
		{E2E6BE7D-2B5F-4496-A76E-89AD3FBD1AC7}.Release|Any CPU.ActiveCfg = Release|x86
		{E2E6BE7D-2B5F-4496-A76E-89AD3FBD1AC7}.Release|Any CPU.Build.0 = Release|x86
		{E2E6BE7D-2B5F-4496-A76E-89AD3FBD1AC7}.Release|Any CPU.Deploy.0 = Release|x86
		{E2E6BE7D-2B5F-4496-A76E-89AD3FBD1AC7}.Release|ARM.ActiveCfg = Release|ARM
		{E2E6BE7D-2B5F-4496-A76E-89AD3FBD1AC7}.Release|ARM.Build.0 = Release|ARM
		{E2E6BE7D-2B5F-4496-A76E-89AD3FBD1AC7}.Release|ARM.Deploy.0 = Release|ARM
		{E2E6BE7D-2B5F-4496-A76E-89AD3FBD1AC7}.Release|iPhone.ActiveCfg = Release|x86
		{E2E6BE7D-2B5F-4496-A76E-89AD3FBD1AC7}.Release|iPhone.Build.0 = Release|x86
		{E2E6BE7D-2B5F-4496-A76E-89AD3FBD1AC7}.Release|iPhone.Deploy.0 = Release|x86
		{E2E6BE7D-2B5F-4496-A76E-89AD3FBD1AC7}.Release|iPhoneSimulator.ActiveCfg = Release|x86
		{E2E6BE7D-2B5F-4496-A76E-89AD3FBD1AC7}.Release|iPhoneSimulator.Build.0 = Release|x86
		{E2E6BE7D-2B5F-4496-A76E-89AD3FBD1AC7}.Release|iPhoneSimulator.Deploy.0 = Release|x86
		{E2E6BE7D-2B5F-4496-A76E-89AD3FBD1AC7}.Release|x64.ActiveCfg = Release|x64
		{E2E6BE7D-2B5F-4496-A76E-89AD3FBD1AC7}.Release|x64.Build.0 = Release|x64
		{E2E6BE7D-2B5F-4496-A76E-89AD3FBD1AC7}.Release|x64.Deploy.0 = Release|x64
		{E2E6BE7D-2B5F-4496-A76E-89AD3FBD1AC7}.Release|x86.ActiveCfg = Release|x86
		{E2E6BE7D-2B5F-4496-A76E-89AD3FBD1AC7}.Release|x86.Build.0 = Release|x86
		{E2E6BE7D-2B5F-4496-A76E-89AD3FBD1AC7}.Release|x86.Deploy.0 = Release|x86
		{98EF2537-6BCE-49E6-87D8-F4E5BA5B5782}.Ad-Hoc|Any CPU.ActiveCfg = Debug|Any CPU
		{98EF2537-6BCE-49E6-87D8-F4E5BA5B5782}.Ad-Hoc|Any CPU.Build.0 = Debug|Any CPU
		{98EF2537-6BCE-49E6-87D8-F4E5BA5B5782}.Ad-Hoc|Any CPU.Deploy.0 = Debug|Any CPU
		{98EF2537-6BCE-49E6-87D8-F4E5BA5B5782}.Ad-Hoc|ARM.ActiveCfg = Debug|Any CPU
		{98EF2537-6BCE-49E6-87D8-F4E5BA5B5782}.Ad-Hoc|ARM.Build.0 = Debug|Any CPU
		{98EF2537-6BCE-49E6-87D8-F4E5BA5B5782}.Ad-Hoc|ARM.Deploy.0 = Debug|Any CPU
		{98EF2537-6BCE-49E6-87D8-F4E5BA5B5782}.Ad-Hoc|iPhone.ActiveCfg = Debug|Any CPU
		{98EF2537-6BCE-49E6-87D8-F4E5BA5B5782}.Ad-Hoc|iPhone.Build.0 = Debug|Any CPU
		{98EF2537-6BCE-49E6-87D8-F4E5BA5B5782}.Ad-Hoc|iPhone.Deploy.0 = Debug|Any CPU
		{98EF2537-6BCE-49E6-87D8-F4E5BA5B5782}.Ad-Hoc|iPhoneSimulator.ActiveCfg = Debug|Any CPU
		{98EF2537-6BCE-49E6-87D8-F4E5BA5B5782}.Ad-Hoc|iPhoneSimulator.Build.0 = Debug|Any CPU
		{98EF2537-6BCE-49E6-87D8-F4E5BA5B5782}.Ad-Hoc|iPhoneSimulator.Deploy.0 = Debug|Any CPU
		{98EF2537-6BCE-49E6-87D8-F4E5BA5B5782}.Ad-Hoc|x64.ActiveCfg = Debug|Any CPU
		{98EF2537-6BCE-49E6-87D8-F4E5BA5B5782}.Ad-Hoc|x64.Build.0 = Debug|Any CPU
		{98EF2537-6BCE-49E6-87D8-F4E5BA5B5782}.Ad-Hoc|x64.Deploy.0 = Debug|Any CPU
		{98EF2537-6BCE-49E6-87D8-F4E5BA5B5782}.Ad-Hoc|x86.ActiveCfg = Debug|Any CPU
		{98EF2537-6BCE-49E6-87D8-F4E5BA5B5782}.Ad-Hoc|x86.Build.0 = Debug|Any CPU
		{98EF2537-6BCE-49E6-87D8-F4E5BA5B5782}.Ad-Hoc|x86.Deploy.0 = Debug|Any CPU
		{98EF2537-6BCE-49E6-87D8-F4E5BA5B5782}.AppStore|Any CPU.ActiveCfg = Debug|Any CPU
		{98EF2537-6BCE-49E6-87D8-F4E5BA5B5782}.AppStore|Any CPU.Build.0 = Debug|Any CPU
		{98EF2537-6BCE-49E6-87D8-F4E5BA5B5782}.AppStore|Any CPU.Deploy.0 = Debug|Any CPU
		{98EF2537-6BCE-49E6-87D8-F4E5BA5B5782}.AppStore|ARM.ActiveCfg = Debug|Any CPU
		{98EF2537-6BCE-49E6-87D8-F4E5BA5B5782}.AppStore|ARM.Build.0 = Debug|Any CPU
		{98EF2537-6BCE-49E6-87D8-F4E5BA5B5782}.AppStore|ARM.Deploy.0 = Debug|Any CPU
		{98EF2537-6BCE-49E6-87D8-F4E5BA5B5782}.AppStore|iPhone.ActiveCfg = Debug|Any CPU
		{98EF2537-6BCE-49E6-87D8-F4E5BA5B5782}.AppStore|iPhone.Build.0 = Debug|Any CPU
		{98EF2537-6BCE-49E6-87D8-F4E5BA5B5782}.AppStore|iPhone.Deploy.0 = Debug|Any CPU
		{98EF2537-6BCE-49E6-87D8-F4E5BA5B5782}.AppStore|iPhoneSimulator.ActiveCfg = Debug|Any CPU
		{98EF2537-6BCE-49E6-87D8-F4E5BA5B5782}.AppStore|iPhoneSimulator.Build.0 = Debug|Any CPU
		{98EF2537-6BCE-49E6-87D8-F4E5BA5B5782}.AppStore|iPhoneSimulator.Deploy.0 = Debug|Any CPU
		{98EF2537-6BCE-49E6-87D8-F4E5BA5B5782}.AppStore|x64.ActiveCfg = Debug|Any CPU
		{98EF2537-6BCE-49E6-87D8-F4E5BA5B5782}.AppStore|x64.Build.0 = Debug|Any CPU
		{98EF2537-6BCE-49E6-87D8-F4E5BA5B5782}.AppStore|x64.Deploy.0 = Debug|Any CPU
		{98EF2537-6BCE-49E6-87D8-F4E5BA5B5782}.AppStore|x86.ActiveCfg = Debug|Any CPU
		{98EF2537-6BCE-49E6-87D8-F4E5BA5B5782}.AppStore|x86.Build.0 = Debug|Any CPU
		{98EF2537-6BCE-49E6-87D8-F4E5BA5B5782}.AppStore|x86.Deploy.0 = Debug|Any CPU
		{98EF2537-6BCE-49E6-87D8-F4E5BA5B5782}.Debug|Any CPU.ActiveCfg = Debug|Any CPU
		{98EF2537-6BCE-49E6-87D8-F4E5BA5B5782}.Debug|Any CPU.Build.0 = Debug|Any CPU
		{98EF2537-6BCE-49E6-87D8-F4E5BA5B5782}.Debug|Any CPU.Deploy.0 = Debug|Any CPU
		{98EF2537-6BCE-49E6-87D8-F4E5BA5B5782}.Debug|ARM.ActiveCfg = Debug|Any CPU
		{98EF2537-6BCE-49E6-87D8-F4E5BA5B5782}.Debug|ARM.Build.0 = Debug|Any CPU
		{98EF2537-6BCE-49E6-87D8-F4E5BA5B5782}.Debug|ARM.Deploy.0 = Debug|Any CPU
		{98EF2537-6BCE-49E6-87D8-F4E5BA5B5782}.Debug|iPhone.ActiveCfg = Debug|Any CPU
		{98EF2537-6BCE-49E6-87D8-F4E5BA5B5782}.Debug|iPhone.Build.0 = Debug|Any CPU
		{98EF2537-6BCE-49E6-87D8-F4E5BA5B5782}.Debug|iPhone.Deploy.0 = Debug|Any CPU
		{98EF2537-6BCE-49E6-87D8-F4E5BA5B5782}.Debug|iPhoneSimulator.ActiveCfg = Debug|Any CPU
		{98EF2537-6BCE-49E6-87D8-F4E5BA5B5782}.Debug|iPhoneSimulator.Build.0 = Debug|Any CPU
		{98EF2537-6BCE-49E6-87D8-F4E5BA5B5782}.Debug|iPhoneSimulator.Deploy.0 = Debug|Any CPU
		{98EF2537-6BCE-49E6-87D8-F4E5BA5B5782}.Debug|x64.ActiveCfg = Debug|Any CPU
		{98EF2537-6BCE-49E6-87D8-F4E5BA5B5782}.Debug|x64.Build.0 = Debug|Any CPU
		{98EF2537-6BCE-49E6-87D8-F4E5BA5B5782}.Debug|x64.Deploy.0 = Debug|Any CPU
		{98EF2537-6BCE-49E6-87D8-F4E5BA5B5782}.Debug|x86.ActiveCfg = Debug|Any CPU
		{98EF2537-6BCE-49E6-87D8-F4E5BA5B5782}.Debug|x86.Build.0 = Debug|Any CPU
		{98EF2537-6BCE-49E6-87D8-F4E5BA5B5782}.Debug|x86.Deploy.0 = Debug|Any CPU
		{98EF2537-6BCE-49E6-87D8-F4E5BA5B5782}.Release|Any CPU.ActiveCfg = Release|Any CPU
		{98EF2537-6BCE-49E6-87D8-F4E5BA5B5782}.Release|Any CPU.Build.0 = Release|Any CPU
		{98EF2537-6BCE-49E6-87D8-F4E5BA5B5782}.Release|Any CPU.Deploy.0 = Release|Any CPU
		{98EF2537-6BCE-49E6-87D8-F4E5BA5B5782}.Release|ARM.ActiveCfg = Release|Any CPU
		{98EF2537-6BCE-49E6-87D8-F4E5BA5B5782}.Release|ARM.Build.0 = Release|Any CPU
		{98EF2537-6BCE-49E6-87D8-F4E5BA5B5782}.Release|ARM.Deploy.0 = Release|Any CPU
		{98EF2537-6BCE-49E6-87D8-F4E5BA5B5782}.Release|iPhone.ActiveCfg = Release|Any CPU
		{98EF2537-6BCE-49E6-87D8-F4E5BA5B5782}.Release|iPhone.Build.0 = Release|Any CPU
		{98EF2537-6BCE-49E6-87D8-F4E5BA5B5782}.Release|iPhone.Deploy.0 = Release|Any CPU
		{98EF2537-6BCE-49E6-87D8-F4E5BA5B5782}.Release|iPhoneSimulator.ActiveCfg = Release|Any CPU
		{98EF2537-6BCE-49E6-87D8-F4E5BA5B5782}.Release|iPhoneSimulator.Build.0 = Release|Any CPU
		{98EF2537-6BCE-49E6-87D8-F4E5BA5B5782}.Release|iPhoneSimulator.Deploy.0 = Release|Any CPU
		{98EF2537-6BCE-49E6-87D8-F4E5BA5B5782}.Release|x64.ActiveCfg = Release|Any CPU
		{98EF2537-6BCE-49E6-87D8-F4E5BA5B5782}.Release|x64.Build.0 = Release|Any CPU
		{98EF2537-6BCE-49E6-87D8-F4E5BA5B5782}.Release|x64.Deploy.0 = Release|Any CPU
		{98EF2537-6BCE-49E6-87D8-F4E5BA5B5782}.Release|x86.ActiveCfg = Release|Any CPU
		{98EF2537-6BCE-49E6-87D8-F4E5BA5B5782}.Release|x86.Build.0 = Release|Any CPU
		{98EF2537-6BCE-49E6-87D8-F4E5BA5B5782}.Release|x86.Deploy.0 = Release|Any CPU
	EndGlobalSection
	GlobalSection(SolutionProperties) = preSolution
		HideSolutionNode = FALSE
	EndGlobalSection
	GlobalSection(ExtensibilityGlobals) = postSolution
		SolutionGuid = {9AEF0E44-ED74-4594-A0B5-D59A0C50084B}
	EndGlobalSection
EndGlobal
